
Microsoft Visual Studio Solution File, Format Version 12.00
# Visual Studio Version 16
VisualStudioVersion = 16.0.31702.278
MinimumVisualStudioVersion = 10.0.40219.1
Project("{FAE04EC0-301F-11D3-BF4B-00C04F79EFBC}") = "filehandling_try", "filehandling_try.csproj", "{B373C900-F4E6-4C82-B133-FE23078980EC}"
EndProject
Global
	GlobalSection(SolutionConfigurationPlatforms) = preSolution
		Debug|Any CPU = Debug|Any CPU
		Release|Any CPU = Release|Any CPU
	EndGlobalSection
	GlobalSection(ProjectConfigurationPlatforms) = postSolution
		{B373C900-F4E6-4C82-B133-FE23078980EC}.Debug|Any CPU.ActiveCfg = Debug|Any CPU
		{B373C900-F4E6-4C82-B133-FE23078980EC}.Debug|Any CPU.Build.0 = Debug|Any CPU
		{B373C900-F4E6-4C82-B133-FE23078980EC}.Release|Any CPU.ActiveCfg = Release|Any CPU
		{B373C900-F4E6-4C82-B133-FE23078980EC}.Release|Any CPU.Build.0 = Release|Any CPU
	EndGlobalSection
	GlobalSection(SolutionProperties) = preSolution
		HideSolutionNode = FALSE
	EndGlobalSection
	GlobalSection(ExtensibilityGlobals) = postSolution
		SolutionGuid = {4D614894-5E44-485C-8569-995D28B3B5A1}
	EndGlobalSection
EndGlobal
